
Microsoft Visual Studio Solution File, Format Version 12.00
# Visual Studio Version 16
VisualStudioVersion = 16.0.31613.86
MinimumVisualStudioVersion = 10.0.40219.1
Project("{9A19103F-16F7-4668-BE54-9A1E7A4F7556}") = "WebApiTickets", "WebApiTickets\WebApiTickets.csproj", "{34837F63-E560-403D-9A24-868DF793EBEE}"
EndProject
Project("{2150E333-8FDC-42A3-9474-1A3956D46DE8}") = "Api", "Api", "{54A01A33-51FD-474F-9A69-5B0BFC12A31F}"
EndProject
Global
	GlobalSection(SolutionConfigurationPlatforms) = preSolution
		Debug|Any CPU = Debug|Any CPU
		Release|Any CPU = Release|Any CPU
	EndGlobalSection
	GlobalSection(ProjectConfigurationPlatforms) = postSolution
		{34837F63-E560-403D-9A24-868DF793EBEE}.Debug|Any CPU.ActiveCfg = Debug|Any CPU
		{34837F63-E560-403D-9A24-868DF793EBEE}.Debug|Any CPU.Build.0 = Debug|Any CPU
		{34837F63-E560-403D-9A24-868DF793EBEE}.Release|Any CPU.ActiveCfg = Release|Any CPU
		{34837F63-E560-403D-9A24-868DF793EBEE}.Release|Any CPU.Build.0 = Release|Any CPU
	EndGlobalSection
	GlobalSection(SolutionProperties) = preSolution
		HideSolutionNode = FALSE
	EndGlobalSection
	GlobalSection(NestedProjects) = preSolution
		{34837F63-E560-403D-9A24-868DF793EBEE} = {54A01A33-51FD-474F-9A69-5B0BFC12A31F}
	EndGlobalSection
	GlobalSection(ExtensibilityGlobals) = postSolution
		SolutionGuid = {9913D3E9-8C91-448F-BA6F-02DCF752AC53}
	EndGlobalSection
EndGlobal
